
Microsoft Visual Studio Solution File, Format Version 12.00
# Visual Studio Version 17
VisualStudioVersion = 17.0.31903.59
MinimumVisualStudioVersion = 10.0.40219.1
Project("{9A19103F-16F7-4668-BE54-9A1E7A4F7556}") = "Api", "Api\Api.csproj", "{288B8BD4-148F-4BC4-92D1-6087C1B81B08}"
EndProject
Project("{FAE04EC0-301F-11D3-BF4B-00C04F79EFBC}") = "ApiTest", "tests\ApiTest\ApiTest.csproj", "{1CBC11B0-B488-4E97-B678-1C64F4D2DEC9}"
EndProject
Global
	GlobalSection(SolutionConfigurationPlatforms) = preSolution
		Debug|Any CPU = Debug|Any CPU
		Release|Any CPU = Release|Any CPU
	EndGlobalSection
	GlobalSection(ProjectConfigurationPlatforms) = postSolution
		{288B8BD4-148F-4BC4-92D1-6087C1B81B08}.Debug|Any CPU.ActiveCfg = Debug|Any CPU
		{288B8BD4-148F-4BC4-92D1-6087C1B81B08}.Debug|Any CPU.Build.0 = Debug|Any CPU
		{288B8BD4-148F-4BC4-92D1-6087C1B81B08}.Release|Any CPU.ActiveCfg = Release|Any CPU
		{288B8BD4-148F-4BC4-92D1-6087C1B81B08}.Release|Any CPU.Build.0 = Release|Any CPU
		{1CBC11B0-B488-4E97-B678-1C64F4D2DEC9}.Debug|Any CPU.ActiveCfg = Debug|Any CPU
		{1CBC11B0-B488-4E97-B678-1C64F4D2DEC9}.Debug|Any CPU.Build.0 = Debug|Any CPU
		{1CBC11B0-B488-4E97-B678-1C64F4D2DEC9}.Release|Any CPU.ActiveCfg = Release|Any CPU
		{1CBC11B0-B488-4E97-B678-1C64F4D2DEC9}.Release|Any CPU.Build.0 = Release|Any CPU
	EndGlobalSection
	GlobalSection(SolutionProperties) = preSolution
		HideSolutionNode = FALSE
	EndGlobalSection
EndGlobal
